<?xml version="1.0" encoding="utf-8"?>
<Project ToolsVersion="4.0" xmlns="http://schemas.microsoft.com/developer/msbuild/2003">
  <ItemGroup>
    <ClCompile Include="pch.cpp">
      <Filter>GoogleTest</Filter>
    </ClCompile>
    <ClCompile Include="board_tests.cpp">
      <Filter>Tests</Filter>
    </ClCompile>
    <ClCompile Include="flag_board_tests.cpp">
      <Filter>Tests</Filter>
    </ClCompile>
    <ClCompile Include="chess_engine_tests.cpp">
      <Filter>Tests</Filter>
    </ClCompile>
    <ClCompile Include="maths_tests.cpp">
      <Filter>Tests</Filter>
    </ClCompile>
    <ClCompile Include="move_generator_tests.cpp">
      <Filter>Tests</Filter>
    </ClCompile>
    <ClCompile Include="piece_data_tests.cpp">
      <Filter>Tests</Filter>
    </ClCompile>
    <ClCompile Include="test_helpers.cpp">
      <Filter>Helpers</Filter>
    </ClCompile>
    <ClCompile Include="piece_configuration_tests.cpp">
      <Filter>Tests</Filter>
    </ClCompile>
    <ClCompile Include="boards_tests.cpp">
      <Filter>Tests</Filter>
    </ClCompile>
    <ClCompile Include="move_tests.cpp">
      <Filter>Tests</Filter>
    </ClCompile>
  </ItemGroup>
  <ItemGroup>
    <Filter Include="GoogleTest">
      <UniqueIdentifier>{1d2afe4f-f424-4633-bd13-f25c0245d02c}</UniqueIdentifier>
    </Filter>
    <Filter Include="Tests">
      <UniqueIdentifier>{93223779-c7b0-4b75-95a9-ca30a405dafe}</UniqueIdentifier>
    </Filter>
    <Filter Include="Helpers">
      <UniqueIdentifier>{ad978da3-80cc-4105-896b-b52ae25d4bb2}</UniqueIdentifier>
    </Filter>
  </ItemGroup>
  <ItemGroup>
    <ClInclude Include="pch.h">
      <Filter>GoogleTest</Filter>
    </ClInclude>
    <ClInclude Include="test_helpers.hpp">
      <Filter>Helpers</Filter>
    </ClInclude>
  </ItemGroup>
  <ItemGroup>
    <None Include="packages.config" />
  </ItemGroup>
</Project>